
Microsoft Visual Studio Solution File, Format Version 12.00
# Visual Studio Version 16
VisualStudioVersion = 16.0.29920.165
MinimumVisualStudioVersion = 10.0.40219.1
Project("{FAE04EC0-301F-11D3-BF4B-00C04F79EFBC}") = "Simulator", "VirtualMES\Simulator.csproj", "{EE434C80-90B8-4873-9987-99058B4FDA48}"
EndProject
Global
	GlobalSection(SolutionConfigurationPlatforms) = preSolution
		Debug|Any CPU = Debug|Any CPU
		Debug|x86 = Debug|x86
		Release|Any CPU = Release|Any CPU
		Release|x86 = Release|x86
	EndGlobalSection
	GlobalSection(ProjectConfigurationPlatforms) = postSolution
		{EE434C80-90B8-4873-9987-99058B4FDA48}.Debug|Any CPU.ActiveCfg = Debug|Any CPU
		{EE434C80-90B8-4873-9987-99058B4FDA48}.Debug|Any CPU.Build.0 = Debug|Any CPU
		{EE434C80-90B8-4873-9987-99058B4FDA48}.Debug|x86.ActiveCfg = Debug|x86
		{EE434C80-90B8-4873-9987-99058B4FDA48}.Debug|x86.Build.0 = Debug|x86
		{EE434C80-90B8-4873-9987-99058B4FDA48}.Release|Any CPU.ActiveCfg = Release|Any CPU
		{EE434C80-90B8-4873-9987-99058B4FDA48}.Release|Any CPU.Build.0 = Release|Any CPU
		{EE434C80-90B8-4873-9987-99058B4FDA48}.Release|x86.ActiveCfg = Release|x86
		{EE434C80-90B8-4873-9987-99058B4FDA48}.Release|x86.Build.0 = Release|x86
	EndGlobalSection
	GlobalSection(SolutionProperties) = preSolution
		HideSolutionNode = FALSE
	EndGlobalSection
	GlobalSection(ExtensibilityGlobals) = postSolution
		SolutionGuid = {0B7DD5C3-7611-4B47-9C62-204864E26099}
		VisualSVNWorkingCopyRoot = .
	EndGlobalSection
EndGlobal
